
Microsoft Visual Studio Solution File, Format Version 12.00
# Visual Studio Version 17
VisualStudioVersion = 17.5.33414.496
MinimumVisualStudioVersion = 10.0.40219.1
Project("{FAE04EC0-301F-11D3-BF4B-00C04F79EFBC}") = "NetworkScanner", "NetworkScanner\NetworkScanner.csproj", "{7D868F32-1319-4645-8A93-76485F47EA86}"
EndProject
Project("{FAE04EC0-301F-11D3-BF4B-00C04F79EFBC}") = "NetworkScanner.Sample", "NetworkScanner.Console\NetworkScanner.Sample.csproj", "{0545948E-7328-4DBC-9BA7-FC31B6CAE658}"
EndProject
Global
	GlobalSection(SolutionConfigurationPlatforms) = preSolution
		Debug|Any CPU = Debug|Any CPU
		Release|Any CPU = Release|Any CPU
	EndGlobalSection
	GlobalSection(ProjectConfigurationPlatforms) = postSolution
		{7D868F32-1319-4645-8A93-76485F47EA86}.Debug|Any CPU.ActiveCfg = Debug|Any CPU
		{7D868F32-1319-4645-8A93-76485F47EA86}.Debug|Any CPU.Build.0 = Debug|Any CPU
		{7D868F32-1319-4645-8A93-76485F47EA86}.Release|Any CPU.ActiveCfg = Release|Any CPU
		{7D868F32-1319-4645-8A93-76485F47EA86}.Release|Any CPU.Build.0 = Release|Any CPU
		{0545948E-7328-4DBC-9BA7-FC31B6CAE658}.Debug|Any CPU.ActiveCfg = Debug|Any CPU
		{0545948E-7328-4DBC-9BA7-FC31B6CAE658}.Debug|Any CPU.Build.0 = Debug|Any CPU
		{0545948E-7328-4DBC-9BA7-FC31B6CAE658}.Release|Any CPU.ActiveCfg = Release|Any CPU
		{0545948E-7328-4DBC-9BA7-FC31B6CAE658}.Release|Any CPU.Build.0 = Release|Any CPU
	EndGlobalSection
	GlobalSection(SolutionProperties) = preSolution
		HideSolutionNode = FALSE
	EndGlobalSection
	GlobalSection(ExtensibilityGlobals) = postSolution
		SolutionGuid = {2DC78015-D43D-4A1D-A1D8-25B99AED0717}
	EndGlobalSection
EndGlobal
